{
  "lockfileVersion": 1,
  "configVersion": 0,
  "workspaces": {
    "": {
      "name": "hackillinois26",
      "devDependencies": {
        "turbo": "^2",
      },
    },
  },
  "packages": {
    "turbo": ["turbo@file:node_modules/.pnpm/turbo@2.8.12/node_modules/turbo", { "optionalDependencies": { "turbo-darwin-64": "2.8.12", "turbo-darwin-arm64": "2.8.12", "turbo-linux-64": "2.8.12", "turbo-linux-arm64": "2.8.12", "turbo-windows-64": "2.8.12", "turbo-windows-arm64": "2.8.12" }, "bin": "bin/turbo" }],

    "turbo-darwin-64": ["turbo-darwin-64@2.8.12", "", { "os": "darwin", "cpu": "x64" }, "sha512-EiHJmW2MeQQx+21x8hjMHw/uPhXt9PIxvDrxzOtyVwrXzL0tQmsxtO4qHf2l7uA+K6PUJ4+TjY1MHZDuCvWXrw=="],

    "turbo-darwin-arm64": ["turbo-darwin-arm64@2.8.12", "", { "os": "darwin", "cpu": "arm64" }, "sha512-cbqqGN0vd7ly2TeuaM8k9AK9u1CABO4kBA5KPSqovTiLL3sORccn/mZzJSbvQf0EsYRfU34MgW5FotfwW3kx8Q=="],

    "turbo-linux-64": ["turbo-linux-64@2.8.12", "", { "os": "linux", "cpu": "x64" }, "sha512-jXKw9j4r4q6s0goSXuKI3aKbQK2qiNeP25lGGEnq018TM6SWRW1CCpPMxyG91aCKrub7wDm/K45sGNT4ZFBcFQ=="],

    "turbo-linux-arm64": ["turbo-linux-arm64@2.8.12", "", { "os": "linux", "cpu": "arm64" }, "sha512-BRJCMdyXjyBoL0GYpvj9d2WNfMHwc3tKmJG5ATn2Efvil9LsiOsd/93/NxDqW0jACtHFNVOPnd/CBwXRPiRbwA=="],

    "turbo-windows-64": ["turbo-windows-64@2.8.12", "", { "os": "win32", "cpu": "x64" }, "sha512-vyFOlpFFzQFkikvSVhVkESEfzIopgs2J7J1rYvtSwSHQ4zmHxkC95Q8Kjkus8gg+8X2mZyP1GS5jirmaypGiPw=="],

    "turbo-windows-arm64": ["turbo-windows-arm64@2.8.12", "", { "os": "win32", "cpu": "arm64" }, "sha512-9nRnlw5DF0LkJClkIws1evaIF36dmmMEO84J5Uj4oQ8C0QTHwlH7DNe5Kq2Jdmu8GXESCNDNuUYG8Cx6W/vm3g=="],
  }
}
